// !$*UTF8*$!
{
	archiveVersion = 1;
	classes = {
	};
	objectVersion = 50;
	objects = {

/* Begin PBXBuildFile section */
		7B7E1F9B244887B900F87066 /* AppDelegate.swift in Sources */ = {isa = PBXBuildFile; fileRef = 7B7E1F9A244887B900F87066 /* AppDelegate.swift */; };
		7B7E1F9D244887B900F87066 /* SceneDelegate.swift in Sources */ = {isa = PBXBuildFile; fileRef = 7B7E1F9C244887B900F87066 /* SceneDelegate.swift */; };
		7B7E1F9F244887B900F87066 /* ContentView.swift in Sources */ = {isa = PBXBuildFile; fileRef = 7B7E1F9E244887B900F87066 /* ContentView.swift */; };
		7B7E1FA1244887BA00F87066 /* Assets.xcassets in Resources */ = {isa = PBXBuildFile; fileRef = 7B7E1FA0244887BA00F87066 /* Assets.xcassets */; };
		7B7E1FA4244887BA00F87066 /* Preview Assets.xcassets in Resources */ = {isa = PBXBuildFile; fileRef = 7B7E1FA3244887BA00F87066 /* Preview Assets.xcassets */; };
		7B7E1FA7244887BA00F87066 /* LaunchScreen.storyboard in Resources */ = {isa = PBXBuildFile; fileRef = 7B7E1FA5244887BA00F87066 /* LaunchScreen.storyboard */; };
		7B7E1FB2244887BA00F87066 /* ios_boilerplateTests.swift in Sources */ = {isa = PBXBuildFile; fileRef = 7B7E1FB1244887BA00F87066 /* ios_boilerplateTests.swift */; };
		7B7E1FBD244887BA00F87066 /* ios_boilerplateUITests.swift in Sources */ = {isa = PBXBuildFile; fileRef = 7B7E1FBC244887BA00F87066 /* ios_boilerplateUITests.swift */; };
/* End PBXBuildFile section */

/* Begin PBXContainerItemProxy section */
		7B7E1FAE244887BA00F87066 /* PBXContainerItemProxy */ = {
			isa = PBXContainerItemProxy;
			containerPortal = 7B7E1F8F244887B900F87066 /* Project object */;
			proxyType = 1;
			remoteGlobalIDString = 7B7E1F96244887B900F87066;
			remoteInfo = "ios-boilerplate";
		};
		7B7E1FB9244887BA00F87066 /* PBXContainerItemProxy */ = {
			isa = PBXContainerItemProxy;
			containerPortal = 7B7E1F8F244887B900F87066 /* Project object */;
			proxyType = 1;
			remoteGlobalIDString = 7B7E1F96244887B900F87066;
			remoteInfo = "ios-boilerplate";
		};
/* End PBXContainerItemProxy section */

/* Begin PBXFileReference section */
		7B7E1F97244887B900F87066 /* ios-boilerplate.app */ = {isa = PBXFileReference; explicitFileType = wrapper.application; includeInIndex = 0; path = "ios-boilerplate.app"; sourceTree = BUILT_PRODUCTS_DIR; };
		7B7E1F9A244887B900F87066 /* AppDelegate.swift */ = {isa = PBXFileReference; lastKnownFileType = sourcecode.swift; path = AppDelegate.swift; sourceTree = "<group>"; };
		7B7E1F9C244887B900F87066 /* SceneDelegate.swift */ = {isa = PBXFileReference; lastKnownFileType = sourcecode.swift; path = SceneDelegate.swift; sourceTree = "<group>"; };
		7B7E1F9E244887B900F87066 /* ContentView.swift */ = {isa = PBXFileReference; lastKnownFileType = sourcecode.swift; path = ContentView.swift; sourceTree = "<group>"; };
		7B7E1FA0244887BA00F87066 /* Assets.xcassets */ = {isa = PBXFileReference; lastKnownFileType = folder.assetcatalog; path = Assets.xcassets; sourceTree = "<group>"; };
		7B7E1FA3244887BA00F87066 /* Preview Assets.xcassets */ = {isa = PBXFileReference; lastKnownFileType = folder.assetcatalog; path = "Preview Assets.xcassets"; sourceTree = "<group>"; };
		7B7E1FA6244887BA00F87066 /* Base */ = {isa = PBXFileReference; lastKnownFileType = file.storyboard; name = Base; path = Base.lproj/LaunchScreen.storyboard; sourceTree = "<group>"; };
		7B7E1FA8244887BA00F87066 /* Info.plist */ = {isa = PBXFileReference; lastKnownFileType = text.plist.xml; path = Info.plist; sourceTree = "<group>"; };
		7B7E1FAD244887BA00F87066 /* ios-boilerplateTests.xctest */ = {isa = PBXFileReference; explicitFileType = wrapper.cfbundle; includeInIndex = 0; path = "ios-boilerplateTests.xctest"; sourceTree = BUILT_PRODUCTS_DIR; };
		7B7E1FB1244887BA00F87066 /* ios_boilerplateTests.swift */ = {isa = PBXFileReference; lastKnownFileType = sourcecode.swift; path = ios_boilerplateTests.swift; sourceTree = "<group>"; };
		7B7E1FB3244887BA00F87066 /* Info.plist */ = {isa = PBXFileReference; lastKnownFileType = text.plist.xml; path = Info.plist; sourceTree = "<group>"; };
		7B7E1FB8244887BA00F87066 /* ios-boilerplateUITests.xctest */ = {isa = PBXFileReference; explicitFileType = wrapper.cfbundle; includeInIndex = 0; path = "ios-boilerplateUITests.xctest"; sourceTree = BUILT_PRODUCTS_DIR; };
		7B7E1FBC244887BA00F87066 /* ios_boilerplateUITests.swift */ = {isa = PBXFileReference; lastKnownFileType = sourcecode.swift; path = ios_boilerplateUITests.swift; sourceTree = "<group>"; };
		7B7E1FBE244887BA00F87066 /* Info.plist */ = {isa = PBXFileReference; lastKnownFileType = text.plist.xml; path = Info.plist; sourceTree = "<group>"; };
/* End PBXFileReference section */

/* Begin PBXFrameworksBuildPhase section */
		7B7E1F94244887B900F87066 /* Frameworks */ = {
			isa = PBXFrameworksBuildPhase;
			buildActionMask = 2147483647;
			files = (
			);
			runOnlyForDeploymentPostprocessing = 0;
		};
		7B7E1FAA244887BA00F87066 /* Frameworks */ = {
			isa = PBXFrameworksBuildPhase;
			buildActionMask = 2147483647;
			files = (
			);
			runOnlyForDeploymentPostprocessing = 0;
		};
		7B7E1FB5244887BA00F87066 /* Frameworks */ = {
			isa = PBXFrameworksBuildPhase;
			buildActionMask = 2147483647;
			files = (
			);
			runOnlyForDeploymentPostprocessing = 0;
		};
/* End PBXFrameworksBuildPhase section */

/* Begin PBXGroup section */
		7B7E1F8E244887B900F87066 = {
			isa = PBXGroup;
			children = (
				7B7E1F99244887B900F87066 /* ios-boilerplate */,
				7B7E1FB0244887BA00F87066 /* ios-boilerplateTests */,
				7B7E1FBB244887BA00F87066 /* ios-boilerplateUITests */,
				7B7E1F98244887B900F87066 /* Products */,
			);
			sourceTree = "<group>";
		};
		7B7E1F98244887B900F87066 /* Products */ = {
			isa = PBXGroup;
			children = (
				7B7E1F97244887B900F87066 /* ios-boilerplate.app */,
				7B7E1FAD244887BA00F87066 /* ios-boilerplateTests.xctest */,
				7B7E1FB8244887BA00F87066 /* ios-boilerplateUITests.xctest */,
			);
			name = Products;
			sourceTree = "<group>";
		};
		7B7E1F99244887B900F87066 /* ios-boilerplate */ = {
			isa = PBXGroup;
			children = (
				7B7E1F9A244887B900F87066 /* AppDelegate.swift */,
				7B7E1F9C244887B900F87066 /* SceneDelegate.swift */,
				7B7E1F9E244887B900F87066 /* ContentView.swift */,
				7B7E1FA0244887BA00F87066 /* Assets.xcassets */,
				7B7E1FA5244887BA00F87066 /* LaunchScreen.storyboard */,
				7B7E1FA8244887BA00F87066 /* Info.plist */,
				7B7E1FA2244887BA00F87066 /* Preview Content */,
			);
			path = "ios-boilerplate";
			sourceTree = "<group>";
		};
		7B7E1FA2244887BA00F87066 /* Preview Content */ = {
			isa = PBXGroup;
			children = (
				7B7E1FA3244887BA00F87066 /* Preview Assets.xcassets */,
			);
			path = "Preview Content";
			sourceTree = "<group>";
		};
		7B7E1FB0244887BA00F87066 /* ios-boilerplateTests */ = {
			isa = PBXGroup;
			children = (
				7B7E1FB1244887BA00F87066 /* ios_boilerplateTests.swift */,
				7B7E1FB3244887BA00F87066 /* Info.plist */,
			);
			path = "ios-boilerplateTests";
			sourceTree = "<group>";
		};
		7B7E1FBB244887BA00F87066 /* ios-boilerplateUITests */ = {
			isa = PBXGroup;
			children = (
				7B7E1FBC244887BA00F87066 /* ios_boilerplateUITests.swift */,
				7B7E1FBE244887BA00F87066 /* Info.plist */,
			);
			path = "ios-boilerplateUITests";
			sourceTree = "<group>";
		};
/* End PBXGroup section */

/* Begin PBXNativeTarget section */
		7B7E1F96244887B900F87066 /* ios-boilerplate */ = {
			isa = PBXNativeTarget;
			buildConfigurationList = 7B7E1FC1244887BA00F87066 /* Build configuration list for PBXNativeTarget "ios-boilerplate" */;
			buildPhases = (
				7B7E1F93244887B900F87066 /* Sources */,
				7B7E1F94244887B900F87066 /* Frameworks */,
				7B7E1F95244887B900F87066 /* Resources */,
			);
			buildRules = (
			);
			dependencies = (
			);
			name = "ios-boilerplate";
			productName = "ios-boilerplate";
			productReference = 7B7E1F97244887B900F87066 /* ios-boilerplate.app */;
			productType = "com.apple.product-type.application";
		};
		7B7E1FAC244887BA00F87066 /* ios-boilerplateTests */ = {
			isa = PBXNativeTarget;
			buildConfigurationList = 7B7E1FC4244887BA00F87066 /* Build configuration list for PBXNativeTarget "ios-boilerplateTests" */;
			buildPhases = (
				7B7E1FA9244887BA00F87066 /* Sources */,
				7B7E1FAA244887BA00F87066 /* Frameworks */,
				7B7E1FAB244887BA00F87066 /* Resources */,
			);
			buildRules = (
			);
			dependencies = (
				7B7E1FAF244887BA00F87066 /* PBXTargetDependency */,
			);
			name = "ios-boilerplateTests";
			productName = "ios-boilerplateTests";
			productReference = 7B7E1FAD244887BA00F87066 /* ios-boilerplateTests.xctest */;
			productType = "com.apple.product-type.bundle.unit-test";
		};
		7B7E1FB7244887BA00F87066 /* ios-boilerplateUITests */ = {
			isa = PBXNativeTarget;
			buildConfigurationList = 7B7E1FC7244887BA00F87066 /* Build configuration list for PBXNativeTarget "ios-boilerplateUITests" */;
			buildPhases = (
				7B7E1FB4244887BA00F87066 /* Sources */,
				7B7E1FB5244887BA00F87066 /* Frameworks */,
				7B7E1FB6244887BA00F87066 /* Resources */,
			);
			buildRules = (
			);
			dependencies = (
				7B7E1FBA244887BA00F87066 /* PBXTargetDependency */,
			);
			name = "ios-boilerplateUITests";
			productName = "ios-boilerplateUITests";
			productReference = 7B7E1FB8244887BA00F87066 /* ios-boilerplateUITests.xctest */;
			productType = "com.apple.product-type.bundle.ui-testing";
		};
/* End PBXNativeTarget section */

/* Begin PBXProject section */
		7B7E1F8F244887B900F87066 /* Project object */ = {
			isa = PBXProject;
			attributes = {
				LastSwiftUpdateCheck = 1140;
				LastUpgradeCheck = 1140;
				ORGANIZATIONNAME = "Mustafa Sait Demirci";
				TargetAttributes = {
					7B7E1F96244887B900F87066 = {
						CreatedOnToolsVersion = 11.4.1;
					};
					7B7E1FAC244887BA00F87066 = {
						CreatedOnToolsVersion = 11.4.1;
						TestTargetID = 7B7E1F96244887B900F87066;
					};
					7B7E1FB7244887BA00F87066 = {
						CreatedOnToolsVersion = 11.4.1;
						TestTargetID = 7B7E1F96244887B900F87066;
					};
				};
			};
			buildConfigurationList = 7B7E1F92244887B900F87066 /* Build configuration list for PBXProject "ios-boilerplate" */;
			compatibilityVersion = "Xcode 9.3";
			developmentRegion = en;
			hasScannedForEncodings = 0;
			knownRegions = (
				en,
				Base,
			);
			mainGroup = 7B7E1F8E244887B900F87066;
			productRefGroup = 7B7E1F98244887B900F87066 /* Products */;
			projectDirPath = "";
			projectRoot = "";
			targets = (
				7B7E1F96244887B900F87066 /* ios-boilerplate */,
				7B7E1FAC244887BA00F87066 /* ios-boilerplateTests */,
				7B7E1FB7244887BA00F87066 /* ios-boilerplateUITests */,
			);
		};
/* End PBXProject section */

/* Begin PBXResourcesBuildPhase section */
		7B7E1F95244887B900F87066 /* Resources */ = {
			isa = PBXResourcesBuildPhase;
			buildActionMask = 2147483647;
			files = (
				7B7E1FA7244887BA00F87066 /* LaunchScreen.storyboard in Resources */,
				7B7E1FA4244887BA00F87066 /* Preview Assets.xcassets in Resources */,
				7B7E1FA1244887BA00F87066 /* Assets.xcassets in Resources */,
			);
			runOnlyForDeploymentPostprocessing = 0;
		};
		7B7E1FAB244887BA00F87066 /* Resources */ = {
			isa = PBXResourcesBuildPhase;
			buildActionMask = 2147483647;
			files = (
			);
			runOnlyForDeploymentPostprocessing = 0;
		};
		7B7E1FB6244887BA00F87066 /* Resources */ = {
			isa = PBXResourcesBuildPhase;
			buildActionMask = 2147483647;
			files = (
			);
			runOnlyForDeploymentPostprocessing = 0;
		};
/* End PBXResourcesBuildPhase section */

/* Begin PBXSourcesBuildPhase section */
		7B7E1F93244887B900F87066 /* Sources */ = {
			isa = PBXSourcesBuildPhase;
			buildActionMask = 2147483647;
			files = (
				7B7E1F9B244887B900F87066 /* AppDelegate.swift in Sources */,
				7B7E1F9D244887B900F87066 /* SceneDelegate.swift in Sources */,
				7B7E1F9F244887B900F87066 /* ContentView.swift in Sources */,
			);
			runOnlyForDeploymentPostprocessing = 0;
		};
		7B7E1FA9244887BA00F87066 /* Sources */ = {
			isa = PBXSourcesBuildPhase;
			buildActionMask = 2147483647;
			files = (
				7B7E1FB2244887BA00F87066 /* ios_boilerplateTests.swift in Sources */,
			);
			runOnlyForDeploymentPostprocessing = 0;
		};
		7B7E1FB4244887BA00F87066 /* Sources */ = {
			isa = PBXSourcesBuildPhase;
			buildActionMask = 2147483647;
			files = (
				7B7E1FBD244887BA00F87066 /* ios_boilerplateUITests.swift in Sources */,
			);
			runOnlyForDeploymentPostprocessing = 0;
		};
/* End PBXSourcesBuildPhase section */

/* Begin PBXTargetDependency section */
		7B7E1FAF244887BA00F87066 /* PBXTargetDependency */ = {
			isa = PBXTargetDependency;
			target = 7B7E1F96244887B900F87066 /* ios-boilerplate */;
			targetProxy = 7B7E1FAE244887BA00F87066 /* PBXContainerItemProxy */;
		};
		7B7E1FBA244887BA00F87066 /* PBXTargetDependency */ = {
			isa = PBXTargetDependency;
			target = 7B7E1F96244887B900F87066 /* ios-boilerplate */;
			targetProxy = 7B7E1FB9244887BA00F87066 /* PBXContainerItemProxy */;
		};
/* End PBXTargetDependency section */

/* Begin PBXVariantGroup section */
		7B7E1FA5244887BA00F87066 /* LaunchScreen.storyboard */ = {
			isa = PBXVariantGroup;
			children = (
				7B7E1FA6244887BA00F87066 /* Base */,
			);
			name = LaunchScreen.storyboard;
			sourceTree = "<group>";
		};
/* End PBXVariantGroup section */

/* Begin XCBuildConfiguration section */
		7B7E1FBF244887BA00F87066 /* Debug */ = {
			isa = XCBuildConfiguration;
			buildSettings = {
				ALWAYS_SEARCH_USER_PATHS = NO;
				CLANG_ANALYZER_NONNULL = YES;
				CLANG_ANALYZER_NUMBER_OBJECT_CONVERSION = YES_AGGRESSIVE;
				CLANG_CXX_LANGUAGE_STANDARD = "gnu++14";
				CLANG_CXX_LIBRARY = "libc++";
				CLANG_ENABLE_MODULES = YES;
				CLANG_ENABLE_OBJC_ARC = YES;
				CLANG_ENABLE_OBJC_WEAK = YES;
				CLANG_WARN_BLOCK_CAPTURE_AUTORELEASING = YES;
				CLANG_WARN_BOOL_CONVERSION = YES;
				CLANG_WARN_COMMA = YES;
				CLANG_WARN_CONSTANT_CONVERSION = YES;
				CLANG_WARN_DEPRECATED_OBJC_IMPLEMENTATIONS = YES;
				CLANG_WARN_DIRECT_OBJC_ISA_USAGE = YES_ERROR;
				CLANG_WARN_DOCUMENTATION_COMMENTS = YES;
				CLANG_WARN_EMPTY_BODY = YES;
				CLANG_WARN_ENUM_CONVERSION = YES;
				CLANG_WARN_INFINITE_RECURSION = YES;
				CLANG_WARN_INT_CONVERSION = YES;
				CLANG_WARN_NON_LITERAL_NULL_CONVERSION = YES;
				CLANG_WARN_OBJC_IMPLICIT_RETAIN_SELF = YES;
				CLANG_WARN_OBJC_LITERAL_CONVERSION = YES;
				CLANG_WARN_OBJC_ROOT_CLASS = YES_ERROR;
				CLANG_WARN_RANGE_LOOP_ANALYSIS = YES;
				CLANG_WARN_STRICT_PROTOTYPES = YES;
				CLANG_WARN_SUSPICIOUS_MOVE = YES;
				CLANG_WARN_UNGUARDED_AVAILABILITY = YES_AGGRESSIVE;
				CLANG_WARN_UNREACHABLE_CODE = YES;
				CLANG_WARN__DUPLICATE_METHOD_MATCH = YES;
				COPY_PHASE_STRIP = NO;
				DEBUG_INFORMATION_FORMAT = dwarf;
				ENABLE_STRICT_OBJC_MSGSEND = YES;
				ENABLE_TESTABILITY = YES;
				GCC_C_LANGUAGE_STANDARD = gnu11;
				GCC_DYNAMIC_NO_PIC = NO;
				GCC_NO_COMMON_BLOCKS = YES;
				GCC_OPTIMIZATION_LEVEL = 0;
				GCC_PREPROCESSOR_DEFINITIONS = (
					"DEBUG=1",
					"$(inherited)",
				);
				GCC_WARN_64_TO_32_BIT_CONVERSION = YES;
				GCC_WARN_ABOUT_RETURN_TYPE = YES_ERROR;
				GCC_WARN_UNDECLARED_SELECTOR = YES;
				GCC_WARN_UNINITIALIZED_AUTOS = YES_AGGRESSIVE;
				GCC_WARN_UNUSED_FUNCTION = YES;
				GCC_WARN_UNUSED_VARIABLE = YES;
				IPHONEOS_DEPLOYMENT_TARGET = 13.4;
				MTL_ENABLE_DEBUG_INFO = INCLUDE_SOURCE;
				MTL_FAST_MATH = YES;
				ONLY_ACTIVE_ARCH = YES;
				SDKROOT = iphoneos;
				SWIFT_ACTIVE_COMPILATION_CONDITIONS = DEBUG;
				SWIFT_OPTIMIZATION_LEVEL = "-Onone";
			};
			name = Debug;
		};
		7B7E1FC0244887BA00F87066 /* Release */ = {
			isa = XCBuildConfiguration;
			buildSettings = {
				ALWAYS_SEARCH_USER_PATHS = NO;
				CLANG_ANALYZER_NONNULL = YES;
				CLANG_ANALYZER_NUMBER_OBJECT_CONVERSION = YES_AGGRESSIVE;
				CLANG_CXX_LANGUAGE_STANDARD = "gnu++14";
				CLANG_CXX_LIBRARY = "libc++";
				CLANG_ENABLE_MODULES = YES;
				CLANG_ENABLE_OBJC_ARC = YES;
				CLANG_ENABLE_OBJC_WEAK = YES;
				CLANG_WARN_BLOCK_CAPTURE_AUTORELEASING = YES;
				CLANG_WARN_BOOL_CONVERSION = YES;
				CLANG_WARN_COMMA = YES;
				CLANG_WARN_CONSTANT_CONVERSION = YES;
				CLANG_WARN_DEPRECATED_OBJC_IMPLEMENTATIONS = YES;
				CLANG_WARN_DIRECT_OBJC_ISA_USAGE = YES_ERROR;
				CLANG_WARN_DOCUMENTATION_COMMENTS = YES;
				CLANG_WARN_EMPTY_BODY = YES;
				CLANG_WARN_ENUM_CONVERSION = YES;
				CLANG_WARN_INFINITE_RECURSION = YES;
				CLANG_WARN_INT_CONVERSION = YES;
				CLANG_WARN_NON_LITERAL_NULL_CONVERSION = YES;
				CLANG_WARN_OBJC_IMPLICIT_RETAIN_SELF = YES;
				CLANG_WARN_OBJC_LITERAL_CONVERSION = YES;
				CLANG_WARN_OBJC_ROOT_CLASS = YES_ERROR;
				CLANG_WARN_RANGE_LOOP_ANALYSIS = YES;
				CLANG_WARN_STRICT_PROTOTYPES = YES;
				CLANG_WARN_SUSPICIOUS_MOVE = YES;
				CLANG_WARN_UNGUARDED_AVAILABILITY = YES_AGGRESSIVE;
				CLANG_WARN_UNREACHABLE_CODE = YES;
				CLANG_WARN__DUPLICATE_METHOD_MATCH = YES;
				COPY_PHASE_STRIP = NO;
				DEBUG_INFORMATION_FORMAT = "dwarf-with-dsym";
				ENABLE_NS_ASSERTIONS = NO;
				ENABLE_STRICT_OBJC_MSGSEND = YES;
				GCC_C_LANGUAGE_STANDARD = gnu11;
				GCC_NO_COMMON_BLOCKS = YES;
				GCC_WARN_64_TO_32_BIT_CONVERSION = YES;
				GCC_WARN_ABOUT_RETURN_TYPE = YES_ERROR;
				GCC_WARN_UNDECLARED_SELECTOR = YES;
				GCC_WARN_UNINITIALIZED_AUTOS = YES_AGGRESSIVE;
				GCC_WARN_UNUSED_FUNCTION = YES;
				GCC_WARN_UNUSED_VARIABLE = YES;
				IPHONEOS_DEPLOYMENT_TARGET = 13.4;
				MTL_ENABLE_DEBUG_INFO = NO;
				MTL_FAST_MATH = YES;
				SDKROOT = iphoneos;
				SWIFT_COMPILATION_MODE = wholemodule;
				SWIFT_OPTIMIZATION_LEVEL = "-O";
				VALIDATE_PRODUCT = YES;
			};
			name = Release;
		};
		7B7E1FC2244887BA00F87066 /* Debug */ = {
			isa = XCBuildConfiguration;
			buildSettings = {
				ASSETCATALOG_COMPILER_APPICON_NAME = AppIcon;
				CODE_SIGN_STYLE = Automatic;
				DEVELOPMENT_ASSET_PATHS = "\"ios-boilerplate/Preview Content\"";
				DEVELOPMENT_TEAM = QWEFPPRV9D;
				ENABLE_PREVIEWS = YES;
				INFOPLIST_FILE = "ios-boilerplate/Info.plist";
				LD_RUNPATH_SEARCH_PATHS = (
					"$(inherited)",
					"@executable_path/Frameworks",
				);
				PRODUCT_BUNDLE_IDENTIFIER = "com.mustafasait.ios-boilerplate";
				PRODUCT_NAME = "$(TARGET_NAME)";
				SWIFT_VERSION = 5.0;
				TARGETED_DEVICE_FAMILY = "1,2";
			};
			name = Debug;
		};
		7B7E1FC3244887BA00F87066 /* Release */ = {
			isa = XCBuildConfiguration;
			buildSettings = {
				ASSETCATALOG_COMPILER_APPICON_NAME = AppIcon;
				CODE_SIGN_STYLE = Automatic;
				DEVELOPMENT_ASSET_PATHS = "\"ios-boilerplate/Preview Content\"";
				DEVELOPMENT_TEAM = QWEFPPRV9D;
				ENABLE_PREVIEWS = YES;
				INFOPLIST_FILE = "ios-boilerplate/Info.plist";
				LD_RUNPATH_SEARCH_PATHS = (
					"$(inherited)",
					"@executable_path/Frameworks",
				);
				PRODUCT_BUNDLE_IDENTIFIER = "com.mustafasait.ios-boilerplate";
				PRODUCT_NAME = "$(TARGET_NAME)";
				SWIFT_VERSION = 5.0;
				TARGETED_DEVICE_FAMILY = "1,2";
			};
			name = Release;
		};
		7B7E1FC5244887BA00F87066 /* Debug */ = {
			isa = XCBuildConfiguration;
			buildSettings = {
				ALWAYS_EMBED_SWIFT_STANDARD_LIBRARIES = YES;
				BUNDLE_LOADER = "$(TEST_HOST)";
				CODE_SIGN_STYLE = Automatic;
				DEVELOPMENT_TEAM = QWEFPPRV9D;
				INFOPLIST_FILE = "ios-boilerplateTests/Info.plist";
				IPHONEOS_DEPLOYMENT_TARGET = 13.4;
				LD_RUNPATH_SEARCH_PATHS = (
					"$(inherited)",
					"@executable_path/Frameworks",
					"@loader_path/Frameworks",
				);
				PRODUCT_BUNDLE_IDENTIFIER = "com.mustafasait.ios-boilerplateTests";
				PRODUCT_NAME = "$(TARGET_NAME)";
				SWIFT_VERSION = 5.0;
				TARGETED_DEVICE_FAMILY = "1,2";
				TEST_HOST = "$(BUILT_PRODUCTS_DIR)/ios-boilerplate.app/ios-boilerplate";
			};
			name = Debug;
		};
		7B7E1FC6244887BA00F87066 /* Release */ = {
			isa = XCBuildConfiguration;
			buildSettings = {
				ALWAYS_EMBED_SWIFT_STANDARD_LIBRARIES = YES;
				BUNDLE_LOADER = "$(TEST_HOST)";
				CODE_SIGN_STYLE = Automatic;
				DEVELOPMENT_TEAM = QWEFPPRV9D;
				INFOPLIST_FILE = "ios-boilerplateTests/Info.plist";
				IPHONEOS_DEPLOYMENT_TARGET = 13.4;
				LD_RUNPATH_SEARCH_PATHS = (
					"$(inherited)",
					"@executable_path/Frameworks",
					"@loader_path/Frameworks",
				);
				PRODUCT_BUNDLE_IDENTIFIER = "com.mustafasait.ios-boilerplateTests";
				PRODUCT_NAME = "$(TARGET_NAME)";
				SWIFT_VERSION = 5.0;
				TARGETED_DEVICE_FAMILY = "1,2";
				TEST_HOST = "$(BUILT_PRODUCTS_DIR)/ios-boilerplate.app/ios-boilerplate";
			};
			name = Release;
		};
		7B7E1FC8244887BA00F87066 /* Debug */ = {
			isa = XCBuildConfiguration;
			buildSettings = {
				ALWAYS_EMBED_SWIFT_STANDARD_LIBRARIES = YES;
				CODE_SIGN_STYLE = Automatic;
				DEVELOPMENT_TEAM = QWEFPPRV9D;
				INFOPLIST_FILE = "ios-boilerplateUITests/Info.plist";
				LD_RUNPATH_SEARCH_PATHS = (
					"$(inherited)",
					"@executable_path/Frameworks",
					"@loader_path/Frameworks",
				);
				PRODUCT_BUNDLE_IDENTIFIER = "com.mustafasait.ios-boilerplateUITests";
				PRODUCT_NAME = "$(TARGET_NAME)";
				SWIFT_VERSION = 5.0;
				TARGETED_DEVICE_FAMILY = "1,2";
				TEST_TARGET_NAME = "ios-boilerplate";
			};
			name = Debug;
		};
		7B7E1FC9244887BA00F87066 /* Release */ = {
			isa = XCBuildConfiguration;
			buildSettings = {
				ALWAYS_EMBED_SWIFT_STANDARD_LIBRARIES = YES;
				CODE_SIGN_STYLE = Automatic;
				DEVELOPMENT_TEAM = QWEFPPRV9D;
				INFOPLIST_FILE = "ios-boilerplateUITests/Info.plist";
				LD_RUNPATH_SEARCH_PATHS = (
					"$(inherited)",
					"@executable_path/Frameworks",
					"@loader_path/Frameworks",
				);
				PRODUCT_BUNDLE_IDENTIFIER = "com.mustafasait.ios-boilerplateUITests";
				PRODUCT_NAME = "$(TARGET_NAME)";
				SWIFT_VERSION = 5.0;
				TARGETED_DEVICE_FAMILY = "1,2";
				TEST_TARGET_NAME = "ios-boilerplate";
			};
			name = Release;
		};
/* End XCBuildConfiguration section */

/* Begin XCConfigurationList section */
		7B7E1F92244887B900F87066 /* Build configuration list for PBXProject "ios-boilerplate" */ = {
			isa = XCConfigurationList;
			buildConfigurations = (
				7B7E1FBF244887BA00F87066 /* Debug */,
				7B7E1FC0244887BA00F87066 /* Release */,
			);
			defaultConfigurationIsVisible = 0;
			defaultConfigurationName = Release;
		};
		7B7E1FC1244887BA00F87066 /* Build configuration list for PBXNativeTarget "ios-boilerplate" */ = {
			isa = XCConfigurationList;
			buildConfigurations = (
				7B7E1FC2244887BA00F87066 /* Debug */,
				7B7E1FC3244887BA00F87066 /* Release */,
			);
			defaultConfigurationIsVisible = 0;
			defaultConfigurationName = Release;
		};
		7B7E1FC4244887BA00F87066 /* Build configuration list for PBXNativeTarget "ios-boilerplateTests" */ = {
			isa = XCConfigurationList;
			buildConfigurations = (
				7B7E1FC5244887BA00F87066 /* Debug */,
				7B7E1FC6244887BA00F87066 /* Release */,
			);
			defaultConfigurationIsVisible = 0;
			defaultConfigurationName = Release;
		};
		7B7E1FC7244887BA00F87066 /* Build configuration list for PBXNativeTarget "ios-boilerplateUITests" */ = {
			isa = XCConfigurationList;
			buildConfigurations = (
				7B7E1FC8244887BA00F87066 /* Debug */,
				7B7E1FC9244887BA00F87066 /* Release */,
			);
			defaultConfigurationIsVisible = 0;
			defaultConfigurationName = Release;
		};
/* End XCConfigurationList section */
	};
	rootObject = 7B7E1F8F244887B900F87066 /* Project object */;
}
